
Microsoft Visual Studio Solution File, Format Version 12.00
# Visual Studio Version 17
VisualStudioVersion = 17.7.34024.191
MinimumVisualStudioVersion = 10.0.40219.1
Project("{FAE04EC0-301F-11D3-BF4B-00C04F79EFBC}") = "uppgift klockan", "uppgift klockan.csproj", "{0846D808-85B0-4551-9219-C566747DDA24}"
EndProject
Global
	GlobalSection(SolutionConfigurationPlatforms) = preSolution
		Debug|Any CPU = Debug|Any CPU
		Release|Any CPU = Release|Any CPU
	EndGlobalSection
	GlobalSection(ProjectConfigurationPlatforms) = postSolution
		{0846D808-85B0-4551-9219-C566747DDA24}.Debug|Any CPU.ActiveCfg = Debug|Any CPU
		{0846D808-85B0-4551-9219-C566747DDA24}.Debug|Any CPU.Build.0 = Debug|Any CPU
		{0846D808-85B0-4551-9219-C566747DDA24}.Release|Any CPU.ActiveCfg = Release|Any CPU
		{0846D808-85B0-4551-9219-C566747DDA24}.Release|Any CPU.Build.0 = Release|Any CPU
	EndGlobalSection
	GlobalSection(SolutionProperties) = preSolution
		HideSolutionNode = FALSE
	EndGlobalSection
	GlobalSection(ExtensibilityGlobals) = postSolution
		SolutionGuid = {EAC64091-9977-47BE-9ED5-647247C9840C}
	EndGlobalSection
EndGlobal
